{
  "name": "testapp",
  "version": "1.0.0",
  "lockfileVersion": 2,
  "dependencies": {
    "express": {
      "version": "4.18.2",
      "resolved": "https://registry.npmjs.org/express/-/express-4.18.2.tgz",
      "integrity": "sha512-...1JfaI0OmKbL7YwOfrO7F1SKlXtoRABFkOFOkHlIuRbnoHdpY8WaHiA==",
      "engines": {
        "node": ">= 14.0.0"
      }
    },
    "nodemon": {
      "version": "2.0.15",
      "resolved": "https://registry.npmjs.org/nodemon/-/nodemon-2.0.15.tgz",
      "integrity": "sha512-...sM7cUq+qoqXt4c7QdR6TSw=="
    }
  }
}

